
Microsoft Visual Studio Solution File, Format Version 12.00
# Visual Studio Version 16
VisualStudioVersion = 16.0.30907.101
MinimumVisualStudioVersion = 10.0.40219.1
Project("{9A19103F-16F7-4668-BE54-9A1E7A4F7556}") = "DataAccess", "DataAccess\DataAccess.csproj", "{7DDF2930-A87C-4372-A007-1290BFC0FE2D}"
EndProject
Project("{9A19103F-16F7-4668-BE54-9A1E7A4F7556}") = "Entities", "Entities\Entities.csproj", "{026A2145-DCF5-4B1A-B762-681D64C721C6}"
EndProject
Project("{9A19103F-16F7-4668-BE54-9A1E7A4F7556}") = "Business", "Business\Business.csproj", "{F2CAD7C7-86C8-40BF-8B51-64BD2CE78ED8}"
EndProject
Project("{FAE04EC0-301F-11D3-BF4B-00C04F79EFBC}") = "ConsoleUI", "ConsoleUI\ConsoleUI.csproj", "{D5D2CA3C-025D-4837-A67C-290999859491}"
EndProject
Global
	GlobalSection(SolutionConfigurationPlatforms) = preSolution
		Debug|Any CPU = Debug|Any CPU
		Release|Any CPU = Release|Any CPU
	EndGlobalSection
	GlobalSection(ProjectConfigurationPlatforms) = postSolution
		{7DDF2930-A87C-4372-A007-1290BFC0FE2D}.Debug|Any CPU.ActiveCfg = Debug|Any CPU
		{7DDF2930-A87C-4372-A007-1290BFC0FE2D}.Debug|Any CPU.Build.0 = Debug|Any CPU
		{7DDF2930-A87C-4372-A007-1290BFC0FE2D}.Release|Any CPU.ActiveCfg = Release|Any CPU
		{7DDF2930-A87C-4372-A007-1290BFC0FE2D}.Release|Any CPU.Build.0 = Release|Any CPU
		{026A2145-DCF5-4B1A-B762-681D64C721C6}.Debug|Any CPU.ActiveCfg = Debug|Any CPU
		{026A2145-DCF5-4B1A-B762-681D64C721C6}.Debug|Any CPU.Build.0 = Debug|Any CPU
		{026A2145-DCF5-4B1A-B762-681D64C721C6}.Release|Any CPU.ActiveCfg = Release|Any CPU
		{026A2145-DCF5-4B1A-B762-681D64C721C6}.Release|Any CPU.Build.0 = Release|Any CPU
		{F2CAD7C7-86C8-40BF-8B51-64BD2CE78ED8}.Debug|Any CPU.ActiveCfg = Debug|Any CPU
		{F2CAD7C7-86C8-40BF-8B51-64BD2CE78ED8}.Debug|Any CPU.Build.0 = Debug|Any CPU
		{F2CAD7C7-86C8-40BF-8B51-64BD2CE78ED8}.Release|Any CPU.ActiveCfg = Release|Any CPU
		{F2CAD7C7-86C8-40BF-8B51-64BD2CE78ED8}.Release|Any CPU.Build.0 = Release|Any CPU
		{D5D2CA3C-025D-4837-A67C-290999859491}.Debug|Any CPU.ActiveCfg = Debug|Any CPU
		{D5D2CA3C-025D-4837-A67C-290999859491}.Debug|Any CPU.Build.0 = Debug|Any CPU
		{D5D2CA3C-025D-4837-A67C-290999859491}.Release|Any CPU.ActiveCfg = Release|Any CPU
		{D5D2CA3C-025D-4837-A67C-290999859491}.Release|Any CPU.Build.0 = Release|Any CPU
	EndGlobalSection
	GlobalSection(SolutionProperties) = preSolution
		HideSolutionNode = FALSE
	EndGlobalSection
	GlobalSection(ExtensibilityGlobals) = postSolution
		SolutionGuid = {E41CF22F-9A8C-4C19-9FF4-38BE47511AF2}
	EndGlobalSection
EndGlobal
